<?xml version="1.0" encoding="utf-8"?>
<Project ToolsVersion="4.0" xmlns="http://schemas.microsoft.com/developer/msbuild/2003">
  <ItemGroup>
    <ClCompile Include="src\http_winhttp.c">
      <Filter>src</Filter>
    </ClCompile>
    <ClCompile Include="src\server.c">
      <Filter>src</Filter>
    </ClCompile>
    <ClCompile Include="src\util.c">
      <Filter>src</Filter>
    </ClCompile>
    <ClCompile Include="src\pager.c">
      <Filter>src</Filter>
    </ClCompile>
    <ClCompile Include="engine\engine.c">
      <Filter>engine</Filter>
    </ClCompile>
    <ClCompile Include="loader\gguf_loader.c">
      <Filter>loader</Filter>
    </ClCompile>
    <ClCompile Include="ai_shell\ai_shell.c">
      <Filter>ai_shell</Filter>
    </ClCompile>
    <ClCompile Include="vmm\vmm.c">
      <Filter>vmm</Filter>
    </ClCompile>
  </ItemGroup>
  <ItemGroup>
    <ClInclude Include="resource.h" />
    <ClInclude Include="src\http_winhttp.h">
      <Filter>src</Filter>
    </ClInclude>
    <ClInclude Include="src\server.h">
      <Filter>src</Filter>
    </ClInclude>
    <ClInclude Include="src\util.h">
      <Filter>src</Filter>
    </ClInclude>
    <ClInclude Include="src\pager.h">
      <Filter>src</Filter>
    </ClInclude>
    <ClInclude Include="engine\engine.h">
      <Filter>engine</Filter>
    </ClInclude>
    <ClInclude Include="loader\gguf_loader.h">
      <Filter>loader</Filter>
    </ClInclude>
    <ClInclude Include="vmm\vmm.h">
      <Filter>vmm</Filter>
    </ClInclude>
  </ItemGroup>
  <ItemGroup>
    <Filter Include="src">
      <UniqueIdentifier>{508daa9d-f809-4f8c-b698-d36d2a945d09}</UniqueIdentifier>
    </Filter>
    <Filter Include="engine">
      <UniqueIdentifier>{6331912c-d96b-41cf-a0c7-1e8ea72534cd}</UniqueIdentifier>
    </Filter>
    <Filter Include="loader">
      <UniqueIdentifier>{7ed1e672-58f6-4e76-bd3c-ab0354595316}</UniqueIdentifier>
    </Filter>
    <Filter Include="vmm">
      <UniqueIdentifier>{0e742040-543f-4ef0-a729-10bc78a67905}</UniqueIdentifier>
    </Filter>
    <Filter Include="ai_shell">
      <UniqueIdentifier>{49ffcd0a-198b-4c6c-8f9f-dce682797f4e}</UniqueIdentifier>
    </Filter>
  </ItemGroup>
  <ItemGroup>
    <ResourceCompile Include="ai_shell.rc" />
  </ItemGroup>
  <ItemGroup>
    <Text Include="CMakeListsold.txt" />
    <Text Include="CMakeLists.txt" />
  </ItemGroup>
</Project>